version = 1
requires-python = ">=3.6.2"

[[package]]
name = "click"
version = "8.0.4"
source = { registry = "https://pypi.org/simple" }
dependencies = [
    { name = "colorama", marker = "platform_system == 'Windows'" },
    { name = "importlib-metadata", marker = "python_full_version < '3.8'" },
]
sdist = { url = "https://files.pythonhosted.org/packages/dd/cf/706c1ad49ab26abed0b77a2f867984c1341ed7387b8030a6aa914e2942a0/click-8.0.4.tar.gz", hash = "sha256:8458d7b1287c5fb128c90e23381cf99dcde74beaf6c7ff6384ce84d6fe090adb", size = 329520 }
wheels = [
    { url = "https://files.pythonhosted.org/packages/4a/a8/0b2ced25639fb20cc1c9784de90a8c25f9504a7f18cd8b5397bd61696d7d/click-8.0.4-py3-none-any.whl", hash = "sha256:6a7a62563bbfabfda3a38f3023a1db4a35978c0abd76f6c9605ecd6554d6d9b1", size = 97486 },
]

[[package]]
name = "colorama"
version = "0.4.6"
source = { registry = "https://pypi.org/simple" }
sdist = { url = "https://files.pythonhosted.org/packages/d8/53/6f443c9a4a8358a93a6792e2acffb9d9d5cb0a5cfd8802644b7b1c9a02e4/colorama-0.4.6.tar.gz", hash = "sha256:08695f5cb7ed6e0531a20572697297273c47b8cae5a63ffc6d6ed5c201be6e44", size = 27697 }
wheels = [
    { url = "https://files.pythonhosted.org/packages/d1/d6/3965ed04c63042e047cb6a3e6ed1a63a35087b6a609aa3a15ed8ac56c221/colorama-0.4.6-py2.py3-none-any.whl", hash = "sha256:4f1d9991f5acc0ca119f9d443620b77f9d6b33703e51011c16baf57afb285fc6", size = 25335 },
]

[[package]]
name = "flyingsnake"
version = "3.1.1"
source = { editable = "." }
dependencies = [
    { name = "click" },
    { name = "lihzahrd" },
    { name = "pillow" },
]

[package.metadata]
requires-dist = [
    { name = "click", specifier = ">=8.0.4" },
    { name = "lihzahrd", specifier = ">=3.1.1" },
    { name = "pillow", specifier = ">=8.4.0" },
]

[[package]]
name = "importlib-metadata"
version = "4.8.3"
source = { registry = "https://pypi.org/simple" }
dependencies = [
    { name = "typing-extensions", marker = "python_full_version < '3.8'" },
    { name = "zipp" },
]
sdist = { url = "https://files.pythonhosted.org/packages/85/ed/e65128cc5cb1580f22ee3009d9187ecdfcc43ffb3b581fe854b24e87d8e7/importlib_metadata-4.8.3.tar.gz", hash = "sha256:766abffff765960fcc18003801f7044eb6755ffae4521c8e8ce8e83b9c9b0668", size = 41979 }
wheels = [
    { url = "https://files.pythonhosted.org/packages/a0/a1/b153a0a4caf7a7e3f15c2cd56c7702e2cf3d89b1b359d1f1c5e59d68f4ce/importlib_metadata-4.8.3-py3-none-any.whl", hash = "sha256:65a9576a5b2d58ca44d133c42a241905cc45e34d2c06fd5ba2bafa221e5d7b5e", size = 17978 },
]

[[package]]
name = "lihzahrd"
version = "3.1.1"
source = { registry = "https://pypi.org/simple" }
sdist = { url = "https://files.pythonhosted.org/packages/47/59/a440d77f55d53f619200b2efedf3c606148549e58db69f371c1375817c26/lihzahrd-3.1.1.tar.gz", hash = "sha256:4be3a65e584a5d2c0fe059ff0f4da7910f0028fd5eca6e3500ac1840b05a0985", size = 8127243 }
wheels = [
    { url = "https://files.pythonhosted.org/packages/4d/93/741a7d6be448734b698849e26b9726042d5cae5b4363729118578a3b90b8/lihzahrd-3.1.1-py3-none-any.whl", hash = "sha256:aa7d90fc6a5fb93a52ebf0c3e91aa80bed408c7f57a2b7db05eab4d4fe5dbee2", size = 110978 },
]

[[package]]
name = "pillow"
version = "8.4.0"
source = { registry = "https://pypi.org/simple" }
sdist = { url = "https://files.pythonhosted.org/packages/7d/2a/2fc11b54e2742db06297f7fa7f420a0e3069fdcf0e4b57dfec33f0b08622/Pillow-8.4.0.tar.gz", hash = "sha256:b8e2f83c56e141920c39464b852de3719dfbfb6e3c99a2d8da0edf4fb33176ed", size = 49368411 }
wheels = [
    { url = "https://files.pythonhosted.org/packages/c7/83/7beafd81d7b94ebbae6b04559e6f7a1deecd8941f8e21f1a924c075619cf/Pillow-8.4.0-cp310-cp310-macosx_10_10_universal2.whl", hash = "sha256:81f8d5c81e483a9442d72d182e1fb6dcb9723f289a57e8030811bac9ea3fef8d", size = 3030786 },
    { url = "https://files.pythonhosted.org/packages/6d/58/f946180943fcefe3cf1f21fa7f549b9f5036056e6083b489fe2789000e6a/Pillow-8.4.0-cp310-cp310-macosx_11_0_arm64.whl", hash = "sha256:3f97cfb1e5a392d75dd8b9fd274d205404729923840ca94ca45a0af57e13dbe6", size = 2788849 },
    { url = "https://files.pythonhosted.org/packages/f2/6a/3f49e46facd5878aa0ab44ad8e7a67fe10b7902da5dbdc088172f662bb2e/Pillow-8.4.0-cp310-cp310-manylinux_2_17_aarch64.manylinux2014_aarch64.whl", hash = "sha256:eb9fc393f3c61f9054e1ed26e6fe912c7321af2f41ff49d3f83d05bacf22cc78", size = 2977923 },
    { url = "https://files.pythonhosted.org/packages/e9/b4/930121dde1af0c832770fdacd178b10d048fdd6c9c9457c8eae32adb1712/Pillow-8.4.0-cp310-cp310-manylinux_2_17_i686.manylinux2014_i686.whl", hash = "sha256:d82cdb63100ef5eedb8391732375e6d05993b765f72cb34311fab92103314649", size = 3155671 },
    { url = "https://files.pythonhosted.org/packages/73/8a/1cab58818342519df64507bc60ac69be6b3123e0907e1b9a205bfe27e27e/Pillow-8.4.0-cp310-cp310-manylinux_2_17_x86_64.manylinux2014_x86_64.whl", hash = "sha256:62cc1afda735a8d109007164714e73771b499768b9bb5afcbbee9d0ff374b43f", size = 3066235 },
    { url = "https://files.pythonhosted.org/packages/f3/36/c07d41f5116ebc65068d9270361ad04e3c2deae04ab046281be89a255388/Pillow-8.4.0-cp310-cp310-win32.whl", hash = "sha256:e3dacecfbeec9a33e932f00c6cd7996e62f53ad46fbe677577394aaa90ee419a", size = 2787486 },
    { url = "https://files.pythonhosted.org/packages/ad/58/32dad5c13911e0ec18b0bc2b0c3c2111e771f496e089525f8dd0dc99e0f8/Pillow-8.4.0-cp310-cp310-win_amd64.whl", hash = "sha256:620582db2a85b2df5f8a82ddeb52116560d7e5e6b055095f04ad828d1b0baa39", size = 3231397 },
    { url = "https://files.pythonhosted.org/packages/55/a0/e4f9fbe76d4951bd32a10a6e064b091199349e984d8f40702b1c44180b0e/Pillow-8.4.0-cp36-cp36m-macosx_10_10_x86_64.whl", hash = "sha256:1bc723b434fbc4ab50bb68e11e93ce5fb69866ad621e3c2c9bdb0cd70e345f55", size = 3029782 },
    { url = "https://files.pythonhosted.org/packages/d0/57/4b81f4fb0f0f93425488fc4a4e77e34c946ff76a65722739cbad35ddfe34/Pillow-8.4.0-cp36-cp36m-manylinux_2_17_aarch64.manylinux2014_aarch64.whl", hash = "sha256:72cbcfd54df6caf85cc35264c77ede902452d6df41166010262374155947460c", size = 2977207 },
    { url = "https://files.pythonhosted.org/packages/37/cb/ff6aa512f6ebf3ab8d981dc6117027328ee03352ceb7b2c8c790326c01eb/Pillow-8.4.0-cp36-cp36m-manylinux_2_17_i686.manylinux2014_i686.whl", hash = "sha256:70ad9e5c6cb9b8487280a02c0ad8a51581dcbbe8484ce058477692a27c151c0a", size = 3154829 },
    { url = "https://files.pythonhosted.org/packages/ea/0f/2fa195c2d8c6fe0b3dc2df5fc6ac6b8dbd005ea30aaa0fa43eca88b8c664/Pillow-8.4.0-cp36-cp36m-manylinux_2_17_x86_64.manylinux2014_x86_64.whl", hash = "sha256:25a49dc2e2f74e65efaa32b153527fc5ac98508d502fa46e74fa4fd678ed6645", size = 3065250 },
    { url = "https://files.pythonhosted.org/packages/b7/00/2883a18b8df96f427ff883baa51563958883b1b099416d95d146f8eaaf03/Pillow-8.4.0-cp36-cp36m-win32.whl", hash = "sha256:93ce9e955cc95959df98505e4608ad98281fff037350d8c2671c9aa86bcf10a9", size = 2787037 },
    { url = "https://files.pythonhosted.org/packages/8f/10/c8dc9fff37b69b5962b7783ab4835611e83dada453cd9913d82ca2a1321b/Pillow-8.4.0-cp36-cp36m-win_amd64.whl", hash = "sha256:2e4440b8f00f504ee4b53fe30f4e381aae30b0568193be305256b1462216feff", size = 3229806 },
    { url = "https://files.pythonhosted.org/packages/d8/98/aaf5d7719af8cbeb580d6e10b2d6b2d6a667c032185e8dd1ff2b52013fc1/Pillow-8.4.0-cp37-cp37m-macosx_10_10_x86_64.whl", hash = "sha256:8c803ac3c28bbc53763e6825746f05cc407b20e4a69d0122e526a582e3b5e153", size = 3029825 },
    { url = "https://files.pythonhosted.org/packages/da/62/0c9225e0c6c296dcee5250d14087016db5f9661b4722caae42722ba7b877/Pillow-8.4.0-cp37-cp37m-manylinux_2_17_aarch64.manylinux2014_aarch64.whl", hash = "sha256:c8a17b5d948f4ceeceb66384727dde11b240736fddeda54ca740b9b8b1556b29", size = 2977226 },
    { url = "https://files.pythonhosted.org/packages/5c/24/96fd7ca59e5be5409659f57f73d85d70e8548e97b187e381cd14cf6f83f2/Pillow-8.4.0-cp37-cp37m-manylinux_2_17_i686.manylinux2014_i686.whl", hash = "sha256:1394a6ad5abc838c5cd8a92c5a07535648cdf6d09e8e2d6df916dfa9ea86ead8", size = 3154853 },
    { url = "https://files.pythonhosted.org/packages/a7/f3/c81e9c41c6ee4c99ad7436b7a1509f5bce5de4ccf4b83138cf88760d96ff/Pillow-8.4.0-cp37-cp37m-manylinux_2_17_x86_64.manylinux2014_x86_64.whl", hash = "sha256:792e5c12376594bfcb986ebf3855aa4b7c225754e9a9521298e460e92fb4a488", size = 3065295 },
    { url = "https://files.pythonhosted.org/packages/76/76/bbb73ff9f97517c70fee1a3c4dc08e41da5eabef8f777119d6cd854bf7e5/Pillow-8.4.0-cp37-cp37m-win32.whl", hash = "sha256:d99ec152570e4196772e7a8e4ba5320d2d27bf22fdf11743dd882936ed64305b", size = 2787086 },
    { url = "https://files.pythonhosted.org/packages/3e/59/4d519b49a5dfae6be2f445ac59802db54b4356cb20a4c3d1599c03d82f59/Pillow-8.4.0-cp37-cp37m-win_amd64.whl", hash = "sha256:7b7017b61bbcdd7f6363aeceb881e23c46583739cb69a3ab39cb384f6ec82e5b", size = 3229843 },
    { url = "https://files.pythonhosted.org/packages/e7/05/6765368c2831c97ca3e07f21856a1332d7edd382876fb5d9248d2cabddf9/Pillow-8.4.0-cp38-cp38-macosx_10_10_x86_64.whl", hash = "sha256:d89363f02658e253dbd171f7c3716a5d340a24ee82d38aab9183f7fdf0cdca49", size = 3030505 },
    { url = "https://files.pythonhosted.org/packages/af/62/fc6e2c7ce2357d7c81866599ff5eae3cbae910880030d27233e2a9e2c4fb/Pillow-8.4.0-cp38-cp38-macosx_11_0_arm64.whl", hash = "sha256:0a0956fdc5defc34462bb1c765ee88d933239f9a94bc37d132004775241a7585", size = 2788567 },
    { url = "https://files.pythonhosted.org/packages/cf/87/a3eaccbaa926197ff1a2c5e9fc3bed65fcbdd9b7135b01734544020241a1/Pillow-8.4.0-cp38-cp38-manylinux_2_17_aarch64.manylinux2014_aarch64.whl", hash = "sha256:5b7bb9de00197fb4261825c15551adf7605cf14a80badf1761d61e59da347779", size = 2977668 },
    { url = "https://files.pythonhosted.org/packages/90/4f/c9a31755eb9ca9927d87c0d367caf47edf46384b7f13916fec405a119509/Pillow-8.4.0-cp38-cp38-manylinux_2_17_i686.manylinux2014_i686.whl", hash = "sha256:72b9e656e340447f827885b8d7a15fc8c4e68d410dc2297ef6787eec0f0ea409", size = 3155653 },
    { url = "https://files.pythonhosted.org/packages/fe/f9/cd8b11ec15e27581c5e7affdf04d618d44fa9524dbeb429e5e728df6dc4c/Pillow-8.4.0-cp38-cp38-manylinux_2_17_x86_64.manylinux2014_x86_64.whl", hash = "sha256:a5a4532a12314149d8b4e4ad8ff09dde7427731fcfa5917ff16d0291f13609df", size = 3065784 },
    { url = "https://files.pythonhosted.org/packages/eb/3b/7396c88c3506330e0b50b6411d8084aedcdd1e9da3fe5e94fd8b3356e4ec/Pillow-8.4.0-cp38-cp38-win32.whl", hash = "sha256:82aafa8d5eb68c8463b6e9baeb4f19043bb31fefc03eb7b216b51e6a9981ae09", size = 2787524 },
    { url = "https://files.pythonhosted.org/packages/ff/fb/506890622e1dcddaa3b215a6cef70d72c4e248feed0045eb52904d1ef80b/Pillow-8.4.0-cp38-cp38-win_amd64.whl", hash = "sha256:066f3999cb3b070a95c3652712cffa1a748cd02d60ad7b4e485c3748a04d9d76", size = 3230703 },
    { url = "https://files.pythonhosted.org/packages/32/25/32889d2b7c577b5a454dd12194b2ecb9d87d4b49c15c278dc99bc8ff5d2e/Pillow-8.4.0-cp39-cp39-macosx_10_10_x86_64.whl", hash = "sha256:5503c86916d27c2e101b7f71c2ae2cddba01a2cf55b8395b0255fd33fa4d1f1a", size = 3030831 },
    { url = "https://files.pythonhosted.org/packages/7d/88/a59b397f030e131accd4ca5a2ad7f1ac62347e6f4aadbe3dabd329aaded9/Pillow-8.4.0-cp39-cp39-macosx_11_0_arm64.whl", hash = "sha256:4acc0985ddf39d1bc969a9220b51d94ed51695d455c228d8ac29fcdb25810e6e", size = 2788876 },
    { url = "https://files.pythonhosted.org/packages/24/06/3adcd81a7fed8423cef5b40436dfed6f849f876308b4dd5ecd118c95c9a2/Pillow-8.4.0-cp39-cp39-manylinux_2_17_aarch64.manylinux2014_aarch64.whl", hash = "sha256:0b052a619a8bfcf26bd8b3f48f45283f9e977890263e4571f2393ed8898d331b", size = 2977899 },
    { url = "https://files.pythonhosted.org/packages/63/ba/168d6c4a82e6de85802fbfc88bab6d6df57fb17b233d6ea7fb4362567349/Pillow-8.4.0-cp39-cp39-manylinux_2_17_i686.manylinux2014_i686.whl", hash = "sha256:493cb4e415f44cd601fcec11c99836f707bb714ab03f5ed46ac25713baf0ff20", size = 3155727 },
    { url = "https://files.pythonhosted.org/packages/2f/59/af1ac6f871dab6e7e5e7d3ad29a976ed529afe1ba08287e5337da8e30233/Pillow-8.4.0-cp39-cp39-manylinux_2_17_x86_64.manylinux2014_x86_64.whl", hash = "sha256:b8831cb7332eda5dc89b21a7bce7ef6ad305548820595033a4b03cf3091235ed", size = 3066233 },
    { url = "https://files.pythonhosted.org/packages/db/44/61fa720db441f8075d1a26597f391f46aad314951a5ebea3d7fd8542db1a/Pillow-8.4.0-cp39-cp39-win32.whl", hash = "sha256:5e9ac5f66616b87d4da618a20ab0a38324dbe88d8a39b55be8964eb520021e02", size = 2787488 },
    { url = "https://files.pythonhosted.org/packages/20/ec/15a263f2c65d71cf62aa767f774c2381077e07beb1e9309a94461ec1cd29/Pillow-8.4.0-cp39-cp39-win_amd64.whl", hash = "sha256:3eb1ce5f65908556c2d8685a8f0a6e989d887ec4057326f6c22b24e8a172c66b", size = 3231202 },
    { url = "https://files.pythonhosted.org/packages/94/f8/2185f20cd78e7c8479b3dce92cdc7a21be9733a6ed63333c8f14c03f2499/Pillow-8.4.0-pp36-pypy36_pp73-macosx_10_10_x86_64.whl", hash = "sha256:ddc4d832a0f0b4c52fff973a0d44b6c99839a9d016fe4e6a1cb8f3eea96479c2", size = 3006626 },
    { url = "https://files.pythonhosted.org/packages/ca/d2/ee0ecb951a040fcadf8d8b3aae580a8a347ee7747e6c369fa68e93717011/Pillow-8.4.0-pp36-pypy36_pp73-manylinux_2_17_i686.manylinux2014_i686.whl", hash = "sha256:9a3e5ddc44c14042f0844b8cf7d2cd455f6cc80fd7f5eefbe657292cf601d9ad", size = 3058355 },
    { url = "https://files.pythonhosted.org/packages/d4/46/d5772376f9b30ceef55c3faf322a292974467bc48b1efc1c89e7ec8359ca/Pillow-8.4.0-pp36-pypy36_pp73-manylinux_2_17_x86_64.manylinux2014_x86_64.whl", hash = "sha256:c70e94281588ef053ae8998039610dbd71bc509e4acbc77ab59d7d2937b10698", size = 2985985 },
    { url = "https://files.pythonhosted.org/packages/79/97/6c15cbf22dc4553ca3344703418d433a4f870b7081c5f41ce7ec48efc1fc/Pillow-8.4.0-pp37-pypy37_pp73-macosx_10_10_x86_64.whl", hash = "sha256:3862b7256046fcd950618ed22d1d60b842e3a40a48236a5498746f21189afbbc", size = 3006643 },
    { url = "https://files.pythonhosted.org/packages/d1/df/5e040e5d8bf9cda4385ff95e15e26aa44e8ee60bcb0607c4ab00ed323cfd/Pillow-8.4.0-pp37-pypy37_pp73-manylinux_2_17_i686.manylinux2014_i686.whl", hash = "sha256:a4901622493f88b1a29bd30ec1a2f683782e57c3c16a2dbc7f2595ba01f639df", size = 3058355 },
    { url = "https://files.pythonhosted.org/packages/5f/32/ec0ec71300b40a3bc8f254247b4f08e3078615658456a9e1eda54e5c9718/Pillow-8.4.0-pp37-pypy37_pp73-manylinux_2_17_x86_64.manylinux2014_x86_64.whl", hash = "sha256:84c471a734240653a0ec91dec0996696eea227eafe72a33bd06c92697728046b", size = 2985988 },
    { url = "https://files.pythonhosted.org/packages/5c/36/756c55b86f508f099fd4d71d394eba298222dd866ae821f288636570ab1d/Pillow-8.4.0-pp37-pypy37_pp73-win_amd64.whl", hash = "sha256:244cf3b97802c34c41905d22810846802a3329ddcb93ccc432870243211c79fc", size = 3230741 },
]

[[package]]
name = "typing-extensions"
version = "4.1.1"
source = { registry = "https://pypi.org/simple" }
sdist = { url = "https://files.pythonhosted.org/packages/b1/5a/8b5fbb891ef3f81fc923bf3cb4a578c0abf9471eb50ce0f51c74212182ab/typing_extensions-4.1.1.tar.gz", hash = "sha256:1a9462dcc3347a79b1f1c0271fbe79e844580bb598bafa1ed208b94da3cdcd42", size = 26694 }
wheels = [
    { url = "https://files.pythonhosted.org/packages/45/6b/44f7f8f1e110027cf88956b59f2fad776cca7e1704396d043f89effd3a0e/typing_extensions-4.1.1-py3-none-any.whl", hash = "sha256:21c85e0fe4b9a155d0799430b0ad741cdce7e359660ccbd8b530613e8df88ce2", size = 26844 },
]

[[package]]
name = "zipp"
version = "3.6.0"
source = { registry = "https://pypi.org/simple" }
sdist = { url = "https://files.pythonhosted.org/packages/02/bf/0d03dbdedb83afec081fefe86cae3a2447250ef1a81ac601a9a56e785401/zipp-3.6.0.tar.gz", hash = "sha256:71c644c5369f4a6e07636f0aa966270449561fcea2e3d6747b8d23efaa9d7832", size = 13047 }
wheels = [
    { url = "https://files.pythonhosted.org/packages/bd/df/d4a4974a3e3957fd1c1fa3082366d7fff6e428ddb55f074bf64876f8e8ad/zipp-3.6.0-py3-none-any.whl", hash = "sha256:9fe5ea21568a0a70e50f273397638d39b03353731e6cbbb3fd8502a33fec40bc", size = 5313 },
]
